
Microsoft Visual Studio Solution File, Format Version 12.00
# Visual Studio Version 17
VisualStudioVersion = 17.9.34701.34
MinimumVisualStudioVersion = 10.0.40219.1
Project("{FAE04EC0-301F-11D3-BF4B-00C04F79EFBC}") = "AD)_NET_7", "AD)_NET_7\AD)_NET_7.csproj", "{0212761D-C07C-46E3-AB12-4DB0FAB2E240}"
EndProject
Project("{FAE04EC0-301F-11D3-BF4B-00C04F79EFBC}") = "DataAccess", "Data\DataAccess.csproj", "{B7223AFA-5FAA-4CAA-A690-ABB8B1109596}"
EndProject
Project("{FAE04EC0-301F-11D3-BF4B-00C04F79EFBC}") = "Models", "Models\Models.csproj", "{7BA866C5-66E0-48FF-A34C-65037FBD7BAC}"
EndProject
Global
	GlobalSection(SolutionConfigurationPlatforms) = preSolution
		Debug|Any CPU = Debug|Any CPU
		Release|Any CPU = Release|Any CPU
	EndGlobalSection
	GlobalSection(ProjectConfigurationPlatforms) = postSolution
		{0212761D-C07C-46E3-AB12-4DB0FAB2E240}.Debug|Any CPU.ActiveCfg = Debug|Any CPU
		{0212761D-C07C-46E3-AB12-4DB0FAB2E240}.Debug|Any CPU.Build.0 = Debug|Any CPU
		{0212761D-C07C-46E3-AB12-4DB0FAB2E240}.Release|Any CPU.ActiveCfg = Release|Any CPU
		{0212761D-C07C-46E3-AB12-4DB0FAB2E240}.Release|Any CPU.Build.0 = Release|Any CPU
		{B7223AFA-5FAA-4CAA-A690-ABB8B1109596}.Debug|Any CPU.ActiveCfg = Debug|Any CPU
		{B7223AFA-5FAA-4CAA-A690-ABB8B1109596}.Debug|Any CPU.Build.0 = Debug|Any CPU
		{B7223AFA-5FAA-4CAA-A690-ABB8B1109596}.Release|Any CPU.ActiveCfg = Release|Any CPU
		{B7223AFA-5FAA-4CAA-A690-ABB8B1109596}.Release|Any CPU.Build.0 = Release|Any CPU
		{7BA866C5-66E0-48FF-A34C-65037FBD7BAC}.Debug|Any CPU.ActiveCfg = Debug|Any CPU
		{7BA866C5-66E0-48FF-A34C-65037FBD7BAC}.Debug|Any CPU.Build.0 = Debug|Any CPU
		{7BA866C5-66E0-48FF-A34C-65037FBD7BAC}.Release|Any CPU.ActiveCfg = Release|Any CPU
		{7BA866C5-66E0-48FF-A34C-65037FBD7BAC}.Release|Any CPU.Build.0 = Release|Any CPU
	EndGlobalSection
	GlobalSection(SolutionProperties) = preSolution
		HideSolutionNode = FALSE
	EndGlobalSection
	GlobalSection(ExtensibilityGlobals) = postSolution
		SolutionGuid = {B810888E-9F21-4BB6-9A46-FBC7BF730FF7}
	EndGlobalSection
EndGlobal
